{
  "name": "boilerplate",
  "lockfileVersion": 2,
  "requires": true,
  "packages": {
    "": {
      "dependencies": {
        "@kunalGuptaX/aeota-ds1": "^1.0.0"
      }
    },
    "node_modules/@kunalGuptaX/aeota-ds1": {
      "version": "1.0.0",
      "resolved": "https://npm.pkg.github.com/download/@kunalGuptaX/aeota-ds1/1.0.0/d4d228f81c5261fcf8ad3ee964145a38524308b049d7e6f55cd23f977d1b1120",
      "integrity": "sha512-IOAyE3ZttYXrGyy9iKBqJjbTytEDomabv5JU3OyGA785FN3Hc6Kl9/7ugC8+GYUKIiV7veJTR6ZwvRk7vunMCA==",
      "license": "ISC"
    }
  },
  "dependencies": {
    "@kunalGuptaX/aeota-ds1": {
      "version": "1.0.0",
      "resolved": "https://npm.pkg.github.com/download/@kunalGuptaX/aeota-ds1/1.0.0/d4d228f81c5261fcf8ad3ee964145a38524308b049d7e6f55cd23f977d1b1120",
      "integrity": "sha512-IOAyE3ZttYXrGyy9iKBqJjbTytEDomabv5JU3OyGA785FN3Hc6Kl9/7ugC8+GYUKIiV7veJTR6ZwvRk7vunMCA=="
    }
  }
}
